{
  "lockfileVersion": 1,
  "workspaces": {
    "": {
      "dependencies": {
        "@connectrpc/connect": "^2.0.1",
      },
    },
  },
  "packages": {
    "@bufbuild/protobuf": ["@bufbuild/protobuf@2.2.3", "", {}, "sha512-tFQoXHJdkEOSwj5tRIZSPNUuXK3RaR7T1nUrPgbYX1pUbvqqaaZAsfo+NXBPsz5rZMSKVFrgK1WL8Q/MSLvprg=="],

    "@connectrpc/connect": ["@connectrpc/connect@2.0.1", "", { "peerDependencies": { "@bufbuild/protobuf": "^2.2.0" } }, "sha512-o+MauvcOnfN4vjpS8ngoX+ubhcCDvnexlLwtk/VnkCLjoRMUz2PKqi87Si58ViWq0vzmGYPRf2LNwhJk5kcCXA=="],
  }
}
